{
  "name": "LogyxAccounting",
  "version": "1.0.0",
  "lockfileVersion": 1,
  "requires": true,
  "dependencies": {
    "devexpress-aspnetcore-spreadsheet": {
      "version": "25.1.3",
      "resolved": "https://registry.npmjs.org/devexpress-aspnetcore-spreadsheet/-/devexpress-aspnetcore-spreadsheet-25.1.3.tgz",
      "integrity": "sha512-sGmI7ffJ+EZXkfWWEY3wiUIloNxe0UJ3/OJUlrujNLDgdDvfpq7CiQh+l4MwHr0KU1pobv3y11Qwy4jpw6nI9g=="
    },
    "devextreme-dist": {
      "version": "25.1.3",
      "resolved": "https://registry.npmjs.org/devextreme-dist/-/devextreme-dist-25.1.3.tgz",
      "integrity": "sha512-OGIddBL6Blh6SZ9jL5BAGf+Wt+ciIk3CfAzNwhHzvTJnqYj98pyfGy/ZYs2LytFyWtqHJHBynEG+BMEuBOMcPg=="
    }
  }
}
